
Microsoft Visual Studio Solution File, Format Version 12.00
# Visual Studio Version 16
VisualStudioVersion = 16.0.29418.71
MinimumVisualStudioVersion = 10.0.40219.1
Project("{FAE04EC0-301F-11D3-BF4B-00C04F79EFBC}") = "Keystroke Tool V2", "Keystroke Tool V2.csproj", "{C18321AE-A0E1-48BD-986A-F0499EE6723D}"
EndProject
Global
	GlobalSection(SolutionConfigurationPlatforms) = preSolution
		Debug|Any CPU = Debug|Any CPU
		Release|Any CPU = Release|Any CPU
	EndGlobalSection
	GlobalSection(ProjectConfigurationPlatforms) = postSolution
		{C18321AE-A0E1-48BD-986A-F0499EE6723D}.Debug|Any CPU.ActiveCfg = Debug|Any CPU
		{C18321AE-A0E1-48BD-986A-F0499EE6723D}.Debug|Any CPU.Build.0 = Debug|Any CPU
		{C18321AE-A0E1-48BD-986A-F0499EE6723D}.Release|Any CPU.ActiveCfg = Release|Any CPU
		{C18321AE-A0E1-48BD-986A-F0499EE6723D}.Release|Any CPU.Build.0 = Release|Any CPU
	EndGlobalSection
	GlobalSection(SolutionProperties) = preSolution
		HideSolutionNode = FALSE
	EndGlobalSection
	GlobalSection(ExtensibilityGlobals) = postSolution
		SolutionGuid = {5B2ACF04-6122-4630-9D76-5400ECEE67EB}
	EndGlobalSection
EndGlobal
